
Microsoft Visual Studio Solution File, Format Version 12.00
# Visual Studio Version 17
VisualStudioVersion = 17.6.33829.357
MinimumVisualStudioVersion = 10.0.40219.1
Project("{FAE04EC0-301F-11D3-BF4B-00C04F79EFBC}") = "AccounRegistration", "AccounRegistration\AccounRegistration.csproj", "{1858CB36-3A1C-406A-8086-44BC8F09E97F}"
EndProject
Global
	GlobalSection(SolutionConfigurationPlatforms) = preSolution
		Debug|Any CPU = Debug|Any CPU
		Release|Any CPU = Release|Any CPU
	EndGlobalSection
	GlobalSection(ProjectConfigurationPlatforms) = postSolution
		{1858CB36-3A1C-406A-8086-44BC8F09E97F}.Debug|Any CPU.ActiveCfg = Debug|Any CPU
		{1858CB36-3A1C-406A-8086-44BC8F09E97F}.Debug|Any CPU.Build.0 = Debug|Any CPU
		{1858CB36-3A1C-406A-8086-44BC8F09E97F}.Release|Any CPU.ActiveCfg = Release|Any CPU
		{1858CB36-3A1C-406A-8086-44BC8F09E97F}.Release|Any CPU.Build.0 = Release|Any CPU
	EndGlobalSection
	GlobalSection(SolutionProperties) = preSolution
		HideSolutionNode = FALSE
	EndGlobalSection
	GlobalSection(ExtensibilityGlobals) = postSolution
		SolutionGuid = {279E7B4F-5C82-46FA-B6C4-9A1135A27E54}
	EndGlobalSection
EndGlobal
